Microsoft Visual Studio Solution File, Format Version 12.00
# Visual Studio Version 17
VisualStudioVersion = 17.5.2.0
MinimumVisualStudioVersion = 10.0.40219.1
Project("{FAE04EC0-301F-11D3-BF4B-00C04F79EFBC}") = "MathGameApp", "MathGameApp\MathGameApp.csproj", "{2645D3A0-A01A-CD64-0BC6-1D17DA1BD703}"
EndProject
Global
	GlobalSection(SolutionConfigurationPlatforms) = preSolution
		Debug|Any CPU = Debug|Any CPU
		Release|Any CPU = Release|Any CPU
	EndGlobalSection
	GlobalSection(ProjectConfigurationPlatforms) = postSolution
		{2645D3A0-A01A-CD64-0BC6-1D17DA1BD703}.Debug|Any CPU.ActiveCfg = Debug|Any CPU
		{2645D3A0-A01A-CD64-0BC6-1D17DA1BD703}.Debug|Any CPU.Build.0 = Debug|Any CPU
		{2645D3A0-A01A-CD64-0BC6-1D17DA1BD703}.Release|Any CPU.ActiveCfg = Release|Any CPU
		{2645D3A0-A01A-CD64-0BC6-1D17DA1BD703}.Release|Any CPU.Build.0 = Release|Any CPU
	EndGlobalSection
	GlobalSection(SolutionProperties) = preSolution
		HideSolutionNode = FALSE
	EndGlobalSection
	GlobalSection(ExtensibilityGlobals) = postSolution
		SolutionGuid = {B6954CBC-3482-4BDF-9AF5-FFE911855FFB}
	EndGlobalSection
EndGlobal
